
Microsoft Visual Studio Solution File, Format Version 12.00
# Visual Studio 2012
Project("{8BC9CEB8-8B4A-11D0-8D11-00A0C91BC942}") = "ProjectAbism", "ProjectAbism\ProjectAbism.vcxproj", "{57C7531C-5F3D-4C3F-9FC2-C7B6E92D605C}"
EndProject
Global
	GlobalSection(SolutionConfigurationPlatforms) = preSolution
		Debug|Win32 = Debug|Win32
		Release|Win32 = Release|Win32
	EndGlobalSection
	GlobalSection(ProjectConfigurationPlatforms) = postSolution
		{57C7531C-5F3D-4C3F-9FC2-C7B6E92D605C}.Debug|Win32.ActiveCfg = Debug|Win32
		{57C7531C-5F3D-4C3F-9FC2-C7B6E92D605C}.Debug|Win32.Build.0 = Debug|Win32
		{57C7531C-5F3D-4C3F-9FC2-C7B6E92D605C}.Release|Win32.ActiveCfg = Release|Win32
		{57C7531C-5F3D-4C3F-9FC2-C7B6E92D605C}.Release|Win32.Build.0 = Release|Win32
	EndGlobalSection
	GlobalSection(SolutionProperties) = preSolution
		HideSolutionNode = FALSE
	EndGlobalSection
EndGlobal
